
Microsoft Visual Studio Solution File, Format Version 12.00
# Visual Studio Version 17
VisualStudioVersion = 17.9.34728.123
MinimumVisualStudioVersion = 10.0.40219.1
Project("{FAE04EC0-301F-11D3-BF4B-00C04F79EFBC}") = "StudentPortel", "StudentPortel\StudentPortel.csproj", "{663C1C4B-3869-4671-BA24-A048AD802003}"
EndProject
Global
	GlobalSection(SolutionConfigurationPlatforms) = preSolution
		Debug|Any CPU = Debug|Any CPU
		Release|Any CPU = Release|Any CPU
	EndGlobalSection
	GlobalSection(ProjectConfigurationPlatforms) = postSolution
		{663C1C4B-3869-4671-BA24-A048AD802003}.Debug|Any CPU.ActiveCfg = Debug|Any CPU
		{663C1C4B-3869-4671-BA24-A048AD802003}.Debug|Any CPU.Build.0 = Debug|Any CPU
		{663C1C4B-3869-4671-BA24-A048AD802003}.Release|Any CPU.ActiveCfg = Release|Any CPU
		{663C1C4B-3869-4671-BA24-A048AD802003}.Release|Any CPU.Build.0 = Release|Any CPU
	EndGlobalSection
	GlobalSection(SolutionProperties) = preSolution
		HideSolutionNode = FALSE
	EndGlobalSection
	GlobalSection(ExtensibilityGlobals) = postSolution
		SolutionGuid = {8145F6AD-D3BB-43E2-99E9-305D865B1817}
	EndGlobalSection
EndGlobal
